// !$*UTF8*$!
{
	archiveVersion = 1;
	classes = {
	};
	objectVersion = 50;
	objects = {

/* Begin PBXBuildFile section */
		1B08BAEE2273735E0072D1CA /* MovieController.swift in Sources */ = {isa = PBXBuildFile; fileRef = 1B08BAED2273735E0072D1CA /* MovieController.swift */; };
		1B08BAF02273744F0072D1CA /* Movie.swift in Sources */ = {isa = PBXBuildFile; fileRef = 1B08BAEF2273744F0072D1CA /* Movie.swift */; };
		1B08BAF2227379B40072D1CA /* MoviePresenter.swift in Sources */ = {isa = PBXBuildFile; fileRef = 1B08BAF1227379B40072D1CA /* MoviePresenter.swift */; };
		1B08BAF422737AF00072D1CA /* CreateNewMovieViewController.swift in Sources */ = {isa = PBXBuildFile; fileRef = 1B08BAF322737AF00072D1CA /* CreateNewMovieViewController.swift */; };
		1B08BAF622737C0F0072D1CA /* MoviesTabBarViewController.swift in Sources */ = {isa = PBXBuildFile; fileRef = 1B08BAF522737C0F0072D1CA /* MoviesTabBarViewController.swift */; };
		1B08BB182273B06A0072D1CA /* MoviesTableViewController.swift in Sources */ = {isa = PBXBuildFile; fileRef = 1B08BB172273B06A0072D1CA /* MoviesTableViewController.swift */; };
		1B20CC3F22736BA10056A693 /* AppDelegate.swift in Sources */ = {isa = PBXBuildFile; fileRef = 1B20CC3E22736BA10056A693 /* AppDelegate.swift */; };
		1B20CC4422736BA10056A693 /* Main.storyboard in Resources */ = {isa = PBXBuildFile; fileRef = 1B20CC4222736BA10056A693 /* Main.storyboard */; };
		1B20CC4622736BB10056A693 /* Assets.xcassets in Resources */ = {isa = PBXBuildFile; fileRef = 1B20CC4522736BB10056A693 /* Assets.xcassets */; };
		1B20CC4922736BB10056A693 /* LaunchScreen.storyboard in Resources */ = {isa = PBXBuildFile; fileRef = 1B20CC4722736BB10056A693 /* LaunchScreen.storyboard */; };
/* End PBXBuildFile section */

/* Begin PBXFileReference section */
		1B08BAED2273735E0072D1CA /* MovieController.swift */ = {isa = PBXFileReference; lastKnownFileType = sourcecode.swift; path = MovieController.swift; sourceTree = "<group>"; };
		1B08BAEF2273744F0072D1CA /* Movie.swift */ = {isa = PBXFileReference; lastKnownFileType = sourcecode.swift; path = Movie.swift; sourceTree = "<group>"; };
		1B08BAF1227379B40072D1CA /* MoviePresenter.swift */ = {isa = PBXFileReference; lastKnownFileType = sourcecode.swift; path = MoviePresenter.swift; sourceTree = "<group>"; };
		1B08BAF322737AF00072D1CA /* CreateNewMovieViewController.swift */ = {isa = PBXFileReference; lastKnownFileType = sourcecode.swift; path = CreateNewMovieViewController.swift; sourceTree = "<group>"; };
		1B08BAF522737C0F0072D1CA /* MoviesTabBarViewController.swift */ = {isa = PBXFileReference; lastKnownFileType = sourcecode.swift; path = MoviesTabBarViewController.swift; sourceTree = "<group>"; };
		1B08BB172273B06A0072D1CA /* MoviesTableViewController.swift */ = {isa = PBXFileReference; lastKnownFileType = sourcecode.swift; path = MoviesTableViewController.swift; sourceTree = "<group>"; };
		1B20CC3B22736BA10056A693 /* ios-sprint1-challenge-chrisprice.app */ = {isa = PBXFileReference; explicitFileType = wrapper.application; includeInIndex = 0; path = "ios-sprint1-challenge-chrisprice.app"; sourceTree = BUILT_PRODUCTS_DIR; };
		1B20CC3E22736BA10056A693 /* AppDelegate.swift */ = {isa = PBXFileReference; lastKnownFileType = sourcecode.swift; path = AppDelegate.swift; sourceTree = "<group>"; };
		1B20CC4322736BA10056A693 /* Base */ = {isa = PBXFileReference; lastKnownFileType = file.storyboard; name = Base; path = Base.lproj/Main.storyboard; sourceTree = "<group>"; };
		1B20CC4522736BB10056A693 /* Assets.xcassets */ = {isa = PBXFileReference; lastKnownFileType = folder.assetcatalog; path = Assets.xcassets; sourceTree = "<group>"; };
		1B20CC4822736BB10056A693 /* Base */ = {isa = PBXFileReference; lastKnownFileType = file.storyboard; name = Base; path = Base.lproj/LaunchScreen.storyboard; sourceTree = "<group>"; };
		1B20CC4A22736BB10056A693 /* Info.plist */ = {isa = PBXFileReference; lastKnownFileType = text.plist.xml; path = Info.plist; sourceTree = "<group>"; };
/* End PBXFileReference section */

/* Begin PBXFrameworksBuildPhase section */
		1B20CC3822736BA10056A693 /* Frameworks */ = {
			isa = PBXFrameworksBuildPhase;
			buildActionMask = 2147483647;
			files = (
			);
			runOnlyForDeploymentPostprocessing = 0;
		};
/* End PBXFrameworksBuildPhase section */

/* Begin PBXGroup section */
		1B20CC3222736BA00056A693 = {
			isa = PBXGroup;
			children = (
				1B20CC3D22736BA10056A693 /* ios-sprint1-challenge-chrisprice */,
				1B20CC3C22736BA10056A693 /* Products */,
			);
			sourceTree = "<group>";
		};
		1B20CC3C22736BA10056A693 /* Products */ = {
			isa = PBXGroup;
			children = (
				1B20CC3B22736BA10056A693 /* ios-sprint1-challenge-chrisprice.app */,
			);
			name = Products;
			sourceTree = "<group>";
		};
		1B20CC3D22736BA10056A693 /* ios-sprint1-challenge-chrisprice */ = {
			isa = PBXGroup;
			children = (
				1B20CC3E22736BA10056A693 /* AppDelegate.swift */,
				1B08BAEF2273744F0072D1CA /* Movie.swift */,
				1B08BAED2273735E0072D1CA /* MovieController.swift */,
				1B08BAF1227379B40072D1CA /* MoviePresenter.swift */,
				1B20CC4222736BA10056A693 /* Main.storyboard */,
				1B08BAF322737AF00072D1CA /* CreateNewMovieViewController.swift */,
				1B08BAF522737C0F0072D1CA /* MoviesTabBarViewController.swift */,
				1B08BB172273B06A0072D1CA /* MoviesTableViewController.swift */,
				1B20CC4522736BB10056A693 /* Assets.xcassets */,
				1B20CC4722736BB10056A693 /* LaunchScreen.storyboard */,
				1B20CC4A22736BB10056A693 /* Info.plist */,
			);
			path = "ios-sprint1-challenge-chrisprice";
			sourceTree = "<group>";
		};
/* End PBXGroup section */

/* Begin PBXNativeTarget section */
		1B20CC3A22736BA10056A693 /* ios-sprint1-challenge-chrisprice */ = {
			isa = PBXNativeTarget;
			buildConfigurationList = 1B20CC4D22736BB10056A693 /* Build configuration list for PBXNativeTarget "ios-sprint1-challenge-chrisprice" */;
			buildPhases = (
				1B20CC3722736BA10056A693 /* Sources */,
				1B20CC3822736BA10056A693 /* Frameworks */,
				1B20CC3922736BA10056A693 /* Resources */,
			);
			buildRules = (
			);
			dependencies = (
			);
			name = "ios-sprint1-challenge-chrisprice";
			productName = "ios-sprint1-challenge-chrisprice";
			productReference = 1B20CC3B22736BA10056A693 /* ios-sprint1-challenge-chrisprice.app */;
			productType = "com.apple.product-type.application";
		};
/* End PBXNativeTarget section */

/* Begin PBXProject section */
		1B20CC3322736BA00056A693 /* Project object */ = {
			isa = PBXProject;
			attributes = {
				LastSwiftUpdateCheck = 1020;
				LastUpgradeCheck = 1020;
				ORGANIZATIONNAME = "Chris Price";
				TargetAttributes = {
					1B20CC3A22736BA10056A693 = {
						CreatedOnToolsVersion = 10.2.1;
					};
				};
			};
			buildConfigurationList = 1B20CC3622736BA00056A693 /* Build configuration list for PBXProject "ios-sprint1-challenge-chrisprice" */;
			compatibilityVersion = "Xcode 9.3";
			developmentRegion = en;
			hasScannedForEncodings = 0;
			knownRegions = (
				en,
				Base,
			);
			mainGroup = 1B20CC3222736BA00056A693;
			productRefGroup = 1B20CC3C22736BA10056A693 /* Products */;
			projectDirPath = "";
			projectRoot = "";
			targets = (
				1B20CC3A22736BA10056A693 /* ios-sprint1-challenge-chrisprice */,
			);
		};
/* End PBXProject section */

/* Begin PBXResourcesBuildPhase section */
		1B20CC3922736BA10056A693 /* Resources */ = {
			isa = PBXResourcesBuildPhase;
			buildActionMask = 2147483647;
			files = (
				1B20CC4922736BB10056A693 /* LaunchScreen.storyboard in Resources */,
				1B20CC4622736BB10056A693 /* Assets.xcassets in Resources */,
				1B20CC4422736BA10056A693 /* Main.storyboard in Resources */,
			);
			runOnlyForDeploymentPostprocessing = 0;
		};
/* End PBXResourcesBuildPhase section */

/* Begin PBXSourcesBuildPhase section */
		1B20CC3722736BA10056A693 /* Sources */ = {
			isa = PBXSourcesBuildPhase;
			buildActionMask = 2147483647;
			files = (
				1B08BB182273B06A0072D1CA /* MoviesTableViewController.swift in Sources */,
				1B08BAF422737AF00072D1CA /* CreateNewMovieViewController.swift in Sources */,
				1B08BAF02273744F0072D1CA /* Movie.swift in Sources */,
				1B08BAEE2273735E0072D1CA /* MovieController.swift in Sources */,
				1B20CC3F22736BA10056A693 /* AppDelegate.swift in Sources */,
				1B08BAF622737C0F0072D1CA /* MoviesTabBarViewController.swift in Sources */,
				1B08BAF2227379B40072D1CA /* MoviePresenter.swift in Sources */,
			);
			runOnlyForDeploymentPostprocessing = 0;
		};
/* End PBXSourcesBuildPhase section */

/* Begin PBXVariantGroup section */
		1B20CC4222736BA10056A693 /* Main.storyboard */ = {
			isa = PBXVariantGroup;
			children = (
				1B20CC4322736BA10056A693 /* Base */,
			);
			name = Main.storyboard;
			sourceTree = "<group>";
		};
		1B20CC4722736BB10056A693 /* LaunchScreen.storyboard */ = {
			isa = PBXVariantGroup;
			children = (
				1B20CC4822736BB10056A693 /* Base */,
			);
			name = LaunchScreen.storyboard;
			sourceTree = "<group>";
		};
/* End PBXVariantGroup section */

/* Begin XCBuildConfiguration section */
		1B20CC4B22736BB10056A693 /* Debug */ = {
			isa = XCBuildConfiguration;
			buildSettings = {
				ALWAYS_SEARCH_USER_PATHS = NO;
				CLANG_ANALYZER_NONNULL = YES;
				CLANG_ANALYZER_NUMBER_OBJECT_CONVERSION = YES_AGGRESSIVE;
				CLANG_CXX_LANGUAGE_STANDARD = "gnu++14";
				CLANG_CXX_LIBRARY = "libc++";
				CLANG_ENABLE_MODULES = YES;
				CLANG_ENABLE_OBJC_ARC = YES;
				CLANG_ENABLE_OBJC_WEAK = YES;
				CLANG_WARN_BLOCK_CAPTURE_AUTORELEASING = YES;
				CLANG_WARN_BOOL_CONVERSION = YES;
				CLANG_WARN_COMMA = YES;
				CLANG_WARN_CONSTANT_CONVERSION = YES;
				CLANG_WARN_DEPRECATED_OBJC_IMPLEMENTATIONS = YES;
				CLANG_WARN_DIRECT_OBJC_ISA_USAGE = YES_ERROR;
				CLANG_WARN_DOCUMENTATION_COMMENTS = YES;
				CLANG_WARN_EMPTY_BODY = YES;
				CLANG_WARN_ENUM_CONVERSION = YES;
				CLANG_WARN_INFINITE_RECURSION = YES;
				CLANG_WARN_INT_CONVERSION = YES;
				CLANG_WARN_NON_LITERAL_NULL_CONVERSION = YES;
				CLANG_WARN_OBJC_IMPLICIT_RETAIN_SELF = YES;
				CLANG_WARN_OBJC_LITERAL_CONVERSION = YES;
				CLANG_WARN_OBJC_ROOT_CLASS = YES_ERROR;
				CLANG_WARN_RANGE_LOOP_ANALYSIS = YES;
				CLANG_WARN_STRICT_PROTOTYPES = YES;
				CLANG_WARN_SUSPICIOUS_MOVE = YES;
				CLANG_WARN_UNGUARDED_AVAILABILITY = YES_AGGRESSIVE;
				CLANG_WARN_UNREACHABLE_CODE = YES;
				CLANG_WARN__DUPLICATE_METHOD_MATCH = YES;
				CODE_SIGN_IDENTITY = "iPhone Developer";
				COPY_PHASE_STRIP = NO;
				DEBUG_INFORMATION_FORMAT = dwarf;
				ENABLE_STRICT_OBJC_MSGSEND = YES;
				ENABLE_TESTABILITY = YES;
				GCC_C_LANGUAGE_STANDARD = gnu11;
				GCC_DYNAMIC_NO_PIC = NO;
				GCC_NO_COMMON_BLOCKS = YES;
				GCC_OPTIMIZATION_LEVEL = 0;
				GCC_PREPROCESSOR_DEFINITIONS = (
					"DEBUG=1",
					"$(inherited)",
				);
				GCC_WARN_64_TO_32_BIT_CONVERSION = YES;
				GCC_WARN_ABOUT_RETURN_TYPE = YES_ERROR;
				GCC_WARN_UNDECLARED_SELECTOR = YES;
				GCC_WARN_UNINITIALIZED_AUTOS = YES_AGGRESSIVE;
				GCC_WARN_UNUSED_FUNCTION = YES;
				GCC_WARN_UNUSED_VARIABLE = YES;
				IPHONEOS_DEPLOYMENT_TARGET = 12.2;
				MTL_ENABLE_DEBUG_INFO = INCLUDE_SOURCE;
				MTL_FAST_MATH = YES;
				ONLY_ACTIVE_ARCH = YES;
				SDKROOT = iphoneos;
				SWIFT_ACTIVE_COMPILATION_CONDITIONS = DEBUG;
				SWIFT_OPTIMIZATION_LEVEL = "-Onone";
			};
			name = Debug;
		};
		1B20CC4C22736BB10056A693 /* Release */ = {
			isa = XCBuildConfiguration;
			buildSettings = {
				ALWAYS_SEARCH_USER_PATHS = NO;
				CLANG_ANALYZER_NONNULL = YES;
				CLANG_ANALYZER_NUMBER_OBJECT_CONVERSION = YES_AGGRESSIVE;
				CLANG_CXX_LANGUAGE_STANDARD = "gnu++14";
				CLANG_CXX_LIBRARY = "libc++";
				CLANG_ENABLE_MODULES = YES;
				CLANG_ENABLE_OBJC_ARC = YES;
				CLANG_ENABLE_OBJC_WEAK = YES;
				CLANG_WARN_BLOCK_CAPTURE_AUTORELEASING = YES;
				CLANG_WARN_BOOL_CONVERSION = YES;
				CLANG_WARN_COMMA = YES;
				CLANG_WARN_CONSTANT_CONVERSION = YES;
				CLANG_WARN_DEPRECATED_OBJC_IMPLEMENTATIONS = YES;
				CLANG_WARN_DIRECT_OBJC_ISA_USAGE = YES_ERROR;
				CLANG_WARN_DOCUMENTATION_COMMENTS = YES;
				CLANG_WARN_EMPTY_BODY = YES;
				CLANG_WARN_ENUM_CONVERSION = YES;
				CLANG_WARN_INFINITE_RECURSION = YES;
				CLANG_WARN_INT_CONVERSION = YES;
				CLANG_WARN_NON_LITERAL_NULL_CONVERSION = YES;
				CLANG_WARN_OBJC_IMPLICIT_RETAIN_SELF = YES;
				CLANG_WARN_OBJC_LITERAL_CONVERSION = YES;
				CLANG_WARN_OBJC_ROOT_CLASS = YES_ERROR;
				CLANG_WARN_RANGE_LOOP_ANALYSIS = YES;
				CLANG_WARN_STRICT_PROTOTYPES = YES;
				CLANG_WARN_SUSPICIOUS_MOVE = YES;
				CLANG_WARN_UNGUARDED_AVAILABILITY = YES_AGGRESSIVE;
				CLANG_WARN_UNREACHABLE_CODE = YES;
				CLANG_WARN__DUPLICATE_METHOD_MATCH = YES;
				CODE_SIGN_IDENTITY = "iPhone Developer";
				COPY_PHASE_STRIP = NO;
				DEBUG_INFORMATION_FORMAT = "dwarf-with-dsym";
				ENABLE_NS_ASSERTIONS = NO;
				ENABLE_STRICT_OBJC_MSGSEND = YES;
				GCC_C_LANGUAGE_STANDARD = gnu11;
				GCC_NO_COMMON_BLOCKS = YES;
				GCC_WARN_64_TO_32_BIT_CONVERSION = YES;
				GCC_WARN_ABOUT_RETURN_TYPE = YES_ERROR;
				GCC_WARN_UNDECLARED_SELECTOR = YES;
				GCC_WARN_UNINITIALIZED_AUTOS = YES_AGGRESSIVE;
				GCC_WARN_UNUSED_FUNCTION = YES;
				GCC_WARN_UNUSED_VARIABLE = YES;
				IPHONEOS_DEPLOYMENT_TARGET = 12.2;
				MTL_ENABLE_DEBUG_INFO = NO;
				MTL_FAST_MATH = YES;
				SDKROOT = iphoneos;
				SWIFT_COMPILATION_MODE = wholemodule;
				SWIFT_OPTIMIZATION_LEVEL = "-O";
				VALIDATE_PRODUCT = YES;
			};
			name = Release;
		};
		1B20CC4E22736BB10056A693 /* Debug */ = {
			isa = XCBuildConfiguration;
			buildSettings = {
				ASSETCATALOG_COMPILER_APPICON_NAME = AppIcon;
				CODE_SIGN_STYLE = Automatic;
				DEVELOPMENT_TEAM = 37V89NUM8V;
				INFOPLIST_FILE = "ios-sprint1-challenge-chrisprice/Info.plist";
				LD_RUNPATH_SEARCH_PATHS = (
					"$(inherited)",
					"@executable_path/Frameworks",
				);
				PRODUCT_BUNDLE_IDENTIFIER = "com.chrisprice.ios-sprint1-challenge-chrisprice";
				PRODUCT_NAME = "$(TARGET_NAME)";
				SWIFT_VERSION = 5.0;
				TARGETED_DEVICE_FAMILY = "1,2";
			};
			name = Debug;
		};
		1B20CC4F22736BB10056A693 /* Release */ = {
			isa = XCBuildConfiguration;
			buildSettings = {
				ASSETCATALOG_COMPILER_APPICON_NAME = AppIcon;
				CODE_SIGN_STYLE = Automatic;
				DEVELOPMENT_TEAM = 37V89NUM8V;
				INFOPLIST_FILE = "ios-sprint1-challenge-chrisprice/Info.plist";
				LD_RUNPATH_SEARCH_PATHS = (
					"$(inherited)",
					"@executable_path/Frameworks",
				);
				PRODUCT_BUNDLE_IDENTIFIER = "com.chrisprice.ios-sprint1-challenge-chrisprice";
				PRODUCT_NAME = "$(TARGET_NAME)";
				SWIFT_VERSION = 5.0;
				TARGETED_DEVICE_FAMILY = "1,2";
			};
			name = Release;
		};
/* End XCBuildConfiguration section */

/* Begin XCConfigurationList section */
		1B20CC3622736BA00056A693 /* Build configuration list for PBXProject "ios-sprint1-challenge-chrisprice" */ = {
			isa = XCConfigurationList;
			buildConfigurations = (
				1B20CC4B22736BB10056A693 /* Debug */,
				1B20CC4C22736BB10056A693 /* Release */,
			);
			defaultConfigurationIsVisible = 0;
			defaultConfigurationName = Release;
		};
		1B20CC4D22736BB10056A693 /* Build configuration list for PBXNativeTarget "ios-sprint1-challenge-chrisprice" */ = {
			isa = XCConfigurationList;
			buildConfigurations = (
				1B20CC4E22736BB10056A693 /* Debug */,
				1B20CC4F22736BB10056A693 /* Release */,
			);
			defaultConfigurationIsVisible = 0;
			defaultConfigurationName = Release;
		};
/* End XCConfigurationList section */
	};
	rootObject = 1B20CC3322736BA00056A693 /* Project object */;
}
